# This file is autogenerated, do not edit; changes may be undone by the next 'dep ensure'.


[[projects]]
  name = "bitbucket.org/creachadair/jrpc2"
  packages = [
    ".",
    "channel",
    "code",
    "metrics",
    "server"
  ]
  revision = "6bc53d3990863304a52bde4c8b8bad7133e0b715"
  version = "v0.0.31"

[[projects]]
  name = "bitbucket.org/creachadair/stringset"
  packages = ["."]
  revision = "f00feb9f89a58c9610381310efb048d121923a81"
  version = "v0.0.3"

[[projects]]
  branch = "master"
  name = "golang.org/x/sync"
  packages = ["semaphore"]
  revision = "42b317875d0fa942474b76e1b46a6060d720ae6e"

[solve-meta]
  analyzer-name = "dep"
  analyzer-version = 1
  inputs-digest = "ea29998b16da32630cde4562bfe968923e9b8ba9ed50683e661cacc892a880db"
  solver-name = "gps-cdcl"
  solver-version = 1
